PODS:
  - AcceptCardSDK (5.5.1)
  - Alamofire (5.7.1)
  - AlamofireImage (4.2.0):
    - Alamofire (~> 5.4)
  - ARSLineProgress (3.1.1)
  - Charts (4.1.0):
    - Charts/Core (= 4.1.0)
  - Charts/Core (4.1.0):
    - SwiftAlgorithms (~> 1.0)
  - Firebase (10.11.0):
    - Firebase/Core (= 10.11.0)
  - Firebase/Analytics (10.11.0):
    - Firebase/Core
  - Firebase/Auth (10.11.0):
    - Firebase/CoreOnly
    - FirebaseAuth (~> 10.11.0)
  - Firebase/Core (10.11.0):
    - Firebase/CoreOnly
    - FirebaseAnalytics (~> 10.11.0)
  - Firebase/CoreOnly (10.11.0):
    - FirebaseCore (= 10.11.0)
  - Firebase/Crashlytics (10.11.0):
    - Firebase/CoreOnly
    - FirebaseCrashlytics (~> 10.11.0)
  - Firebase/Database (10.11.0):
    - Firebase/CoreOnly
    - FirebaseDatabase (~> 10.11.0)
  - Firebase/Messaging (10.11.0):
    - Firebase/CoreOnly
    - FirebaseMessaging (~> 10.11.0)
  - FirebaseAnalytics (10.11.0):
    - FirebaseAnalytics/AdIdSupport (= 10.11.0)
    - FirebaseCore (~> 10.0)
    - FirebaseInstallations (~> 10.0)
    - GoogleUtilities/AppDelegateSwizzler (~> 7.11)
    - GoogleUtilities/MethodSwizzler (~> 7.11)
    - GoogleUtilities/Network (~> 7.11)
    - "GoogleUtilities/NSData+zlib (~> 7.11)"
    - nanopb (< 2.30910.0, >= 2.30908.0)
  - FirebaseAnalytics/AdIdSupport (10.11.0):
    - FirebaseCore (~> 10.0)
    - FirebaseInstallations (~> 10.0)
    - GoogleAppMeasurement (= 10.11.0)
    - GoogleUtilities/AppDelegateSwizzler (~> 7.11)
    - GoogleUtilities/MethodSwizzler (~> 7.11)
    - GoogleUtilities/Network (~> 7.11)
    - "GoogleUtilities/NSData+zlib (~> 7.11)"
    - nanopb (< 2.30910.0, >= 2.30908.0)
  - FirebaseAppCheckInterop (10.11.0)
  - FirebaseAuth (10.11.0):
    - FirebaseAppCheckInterop (~> 10.0)
    - FirebaseCore (~> 10.0)
    - GoogleUtilities/AppDelegateSwizzler (~> 7.8)
    - GoogleUtilities/Environment (~> 7.8)
    - GTMSessionFetcher/Core (< 4.0, >= 2.1)
  - FirebaseCore (10.11.0):
    - FirebaseCoreInternal (~> 10.0)
    - GoogleUtilities/Environment (~> 7.8)
    - GoogleUtilities/Logger (~> 7.8)
  - FirebaseCoreExtension (10.11.0):
    - FirebaseCore (~> 10.0)
  - FirebaseCoreInternal (10.11.0):
    - "GoogleUtilities/NSData+zlib (~> 7.8)"
  - FirebaseCrashlytics (10.11.0):
    - FirebaseCore (~> 10.5)
    - FirebaseInstallations (~> 10.0)
    - FirebaseSessions (~> 10.5)
    - GoogleDataTransport (~> 9.2)
    - GoogleUtilities/Environment (~> 7.8)
    - nanopb (< 2.30910.0, >= 2.30908.0)
    - PromisesObjC (~> 2.1)
  - FirebaseDatabase (10.11.0):
    - FirebaseCore (~> 10.0)
    - leveldb-library (~> 1.22)
  - FirebaseInstallations (10.11.0):
    - FirebaseCore (~> 10.0)
    - GoogleUtilities/Environment (~> 7.8)
    - GoogleUtilities/UserDefaults (~> 7.8)
    - PromisesObjC (~> 2.1)
  - FirebaseMessaging (10.11.0):
    - FirebaseCore (~> 10.0)
    - FirebaseInstallations (~> 10.0)
    - GoogleDataTransport (~> 9.2)
    - GoogleUtilities/AppDelegateSwizzler (~> 7.8)
    - GoogleUtilities/Environment (~> 7.8)
    - GoogleUtilities/Reachability (~> 7.8)
    - GoogleUtilities/UserDefaults (~> 7.8)
    - nanopb (< 2.30910.0, >= 2.30908.0)
  - FirebaseSessions (10.11.0):
    - FirebaseCore (~> 10.5)
    - FirebaseCoreExtension (~> 10.0)
    - FirebaseInstallations (~> 10.0)
    - GoogleDataTransport (~> 9.2)
    - GoogleUtilities/Environment (~> 7.10)
    - nanopb (< 2.30910.0, >= 2.30908.0)
    - PromisesSwift (~> 2.1)
  - GoogleAppMeasurement (10.11.0):
    - GoogleAppMeasurement/AdIdSupport (= 10.11.0)
    - GoogleUtilities/AppDelegateSwizzler (~> 7.11)
    - GoogleUtilities/MethodSwizzler (~> 7.11)
    - GoogleUtilities/Network (~> 7.11)
    - "GoogleUtilities/NSData+zlib (~> 7.11)"
    - nanopb (< 2.30910.0, >= 2.30908.0)
  - GoogleAppMeasurement/AdIdSupport (10.11.0):
    - GoogleAppMeasurement/WithoutAdIdSupport (= 10.11.0)
    - GoogleUtilities/AppDelegateSwizzler (~> 7.11)
    - GoogleUtilities/MethodSwizzler (~> 7.11)
    - GoogleUtilities/Network (~> 7.11)
    - "GoogleUtilities/NSData+zlib (~> 7.11)"
    - nanopb (< 2.30910.0, >= 2.30908.0)
  - GoogleAppMeasurement/WithoutAdIdSupport (10.11.0):
    - GoogleUtilities/AppDelegateSwizzler (~> 7.11)
    - GoogleUtilities/MethodSwizzler (~> 7.11)
    - GoogleUtilities/Network (~> 7.11)
    - "GoogleUtilities/NSData+zlib (~> 7.11)"
    - nanopb (< 2.30910.0, >= 2.30908.0)
  - GoogleDataTransport (9.2.3):
    - GoogleUtilities/Environment (~> 7.7)
    - nanopb (< 2.30910.0, >= 2.30908.0)
    - PromisesObjC (< 3.0, >= 1.2)
  - GoogleMaps (7.4.0):
    - GoogleMaps/Maps (= 7.4.0)
  - GoogleMaps/Base (7.4.0)
  - GoogleMaps/Maps (7.4.0):
    - GoogleMaps/Base
  - GooglePlaces (7.4.0)
  - GoogleUtilities/AppDelegateSwizzler (7.11.1):
    - GoogleUtilities/Environment
    - GoogleUtilities/Logger
    - GoogleUtilities/Network
  - GoogleUtilities/Environment (7.11.1):
    - PromisesObjC (< 3.0, >= 1.2)
  - GoogleUtilities/Logger (7.11.1):
    - GoogleUtilities/Environment
  - GoogleUtilities/MethodSwizzler (7.11.1):
    - GoogleUtilities/Logger
  - GoogleUtilities/Network (7.11.1):
    - GoogleUtilities/Logger
    - "GoogleUtilities/NSData+zlib"
    - GoogleUtilities/Reachability
  - "GoogleUtilities/NSData+zlib (7.11.1)"
  - GoogleUtilities/Reachability (7.11.1):
    - GoogleUtilities/Logger
  - GoogleUtilities/UserDefaults (7.11.1):
    - GoogleUtilities/Logger
  - GTMSessionFetcher/Core (3.1.1)
  - ImageSlideshow (1.9.2):
    - ImageSlideshow/Core (= 1.9.2)
  - ImageSlideshow/Alamofire (1.9.2):
    - AlamofireImage (~> 4.0)
    - ImageSlideshow/Core
  - ImageSlideshow/Core (1.9.2)
  - IQKeyboardManagerSwift (6.5.12)
  - JNGradientLabel (1.0.3)
  - leveldb-library (1.22.2)
  - Mantis (2.14.0)
  - ModelMapper (10.0.1):
    - ModelMapper/Core (= 10.0.1)
  - ModelMapper/Core (10.0.1)
  - MOLH (1.4.3)
  - Moya (14.0.0):
    - Moya/Core (= 14.0.0)
  - Moya-ModelMapper (10.0.0):
    - Moya-ModelMapper/Core (= 10.0.0)
  - Moya-ModelMapper/Core (10.0.0):
    - ModelMapper (~> 10.0)
    - Moya (~> 14.0)
  - Moya/Core (14.0.0):
    - Alamofire (~> 5.0)
  - nanopb (2.30909.0):
    - nanopb/decode (= 2.30909.0)
    - nanopb/encode (= 2.30909.0)
  - nanopb/decode (2.30909.0)
  - nanopb/encode (2.30909.0)
  - Nuke (10.7.1)
  - OnlyPictures (1.1.2)
  - OTPFieldView (1.0.1)
  - PagedLists (1.0.0)
  - PieCharts (0.0.7)
  - PieChartSwiftUI (1.0.1)
  - PromisesObjC (2.2.0)
  - PromisesSwift (2.2.0):
    - PromisesObjC (= 2.2.0)
  - RangeUISlider (3.1.0)
  - RSSelectionMenu (7.1.3)
  - SKCountryPicker (2.0.2)
  - SwiftAlgorithms (1.0.0)
  - SwifterSwift (5.2.0):
    - SwifterSwift/AppKit (= 5.2.0)
    - SwifterSwift/CoreAnimation (= 5.2.0)
    - SwifterSwift/CoreGraphics (= 5.2.0)
    - SwifterSwift/CoreLocation (= 5.2.0)
    - SwifterSwift/Dispatch (= 5.2.0)
    - SwifterSwift/Foundation (= 5.2.0)
    - SwifterSwift/MapKit (= 5.2.0)
    - SwifterSwift/SceneKit (= 5.2.0)
    - SwifterSwift/SpriteKit (= 5.2.0)
    - SwifterSwift/StoreKit (= 5.2.0)
    - SwifterSwift/SwiftStdlib (= 5.2.0)
    - SwifterSwift/UIKit (= 5.2.0)
  - SwifterSwift/AppKit (5.2.0)
  - SwifterSwift/CoreAnimation (5.2.0)
  - SwifterSwift/CoreGraphics (5.2.0)
  - SwifterSwift/CoreLocation (5.2.0)
  - SwifterSwift/Dispatch (5.2.0)
  - SwifterSwift/Foundation (5.2.0)
  - SwifterSwift/MapKit (5.2.0)
  - SwifterSwift/SceneKit (5.2.0)
  - SwifterSwift/SpriteKit (5.2.0)
  - SwifterSwift/StoreKit (5.2.0)
  - SwifterSwift/SwiftStdlib (5.2.0)
  - SwifterSwift/UIKit (5.2.0)
  - SwiftGradientButton (0.2.0)
  - SwiftMessages (9.0.6):
    - SwiftMessages/App (= 9.0.6)
  - SwiftMessages/App (9.0.6)
  - SwiftValidator (4.0.0)
  - Toaster (2.3.0)

DEPENDENCIES:
  - AcceptCardSDK
  - ARSLineProgress
  - Charts
  - Firebase
  - Firebase/Analytics
  - Firebase/Auth
  - Firebase/Core
  - Firebase/Crashlytics
  - Firebase/Database
  - Firebase/Messaging
  - GoogleMaps
  - GooglePlaces
  - ImageSlideshow (~> 1.9.0)
  - ImageSlideshow/Alamofire
  - IQKeyboardManagerSwift
  - JNGradientLabel
  - Mantis
  - MOLH
  - Moya
  - Moya-ModelMapper
  - Nuke
  - OnlyPictures
  - OTPFieldView
  - PagedLists
  - PieCharts
  - PieChartSwiftUI
  - RangeUISlider (~> 3.0)
  - RSSelectionMenu (from `https://github.com/elaimy/RSSelectionMenu.git`, commit `18f275a5ba59a670fa34aaab0c8d458322857222`)
  - SKCountryPicker
  - SwifterSwift
  - SwiftGradientButton
  - SwiftMessages
  - SwiftValidator (from `https://github.com/jpotts18/SwiftValidator.git`)
  - Toaster

SPEC REPOS:
  https://github.com/CocoaPods/Specs.git:
    - AcceptCardSDK
    - Alamofire
    - AlamofireImage
    - ARSLineProgress
    - Charts
    - Firebase
    - FirebaseAnalytics
    - FirebaseAppCheckInterop
    - FirebaseAuth
    - FirebaseCore
    - FirebaseCoreExtension
    - FirebaseCoreInternal
    - FirebaseCrashlytics
    - FirebaseDatabase
    - FirebaseInstallations
    - FirebaseMessaging
    - FirebaseSessions
    - GoogleAppMeasurement
    - GoogleDataTransport
    - GoogleMaps
    - GooglePlaces
    - GoogleUtilities
    - GTMSessionFetcher
    - ImageSlideshow
    - IQKeyboardManagerSwift
    - JNGradientLabel
    - leveldb-library
    - Mantis
    - ModelMapper
    - MOLH
    - Moya
    - Moya-ModelMapper
    - nanopb
    - Nuke
    - OnlyPictures
    - OTPFieldView
    - PagedLists
    - PieCharts
    - PieChartSwiftUI
    - PromisesObjC
    - PromisesSwift
    - RangeUISlider
    - SKCountryPicker
    - SwiftAlgorithms
    - SwifterSwift
    - SwiftGradientButton
    - SwiftMessages
    - Toaster

EXTERNAL SOURCES:
  RSSelectionMenu:
    :commit: 18f275a5ba59a670fa34aaab0c8d458322857222
    :git: https://github.com/elaimy/RSSelectionMenu.git
  SwiftValidator:
    :git: https://github.com/jpotts18/SwiftValidator.git

CHECKOUT OPTIONS:
  RSSelectionMenu:
    :commit: 18f275a5ba59a670fa34aaab0c8d458322857222
    :git: https://github.com/elaimy/RSSelectionMenu.git
  SwiftValidator:
    :commit: d370353b7a0ce758a53b189c81e485dcd53c99a4
    :git: https://github.com/jpotts18/SwiftValidator.git

SPEC CHECKSUMS:
  AcceptCardSDK: bffe21c7dc2abe0eb63f82ec30aa4952976ae78e
  Alamofire: 0123a34370cb170936ae79a8df46cc62b2edeb88
  AlamofireImage: 34a2d90b0e5fe6a5605f85ae4b7b01e784c60192
  ARSLineProgress: 7a94aa7d5216109f17aae465b7460ff9f1117634
  Charts: ce0768268078eee0336f122c3c4ca248e4e204c5
  Firebase: 31d9575c124839fb5abc0db6d39511cc1dab1b85
  FirebaseAnalytics: 6c6bf99e8854475bf1fa342028841be8ecd236da
  FirebaseAppCheckInterop: 255b6c0292fe5da995c8b2df0c02f6a3ca7f61b4
  FirebaseAuth: 7aabcb00fbf330db49c207c0d645b8b1b62df0e9
  FirebaseCore: 62fd4d549f5e3f3bd52b7998721c5fa0557fb355
  FirebaseCoreExtension: cacdad57fdb60e0b86dcbcac058ec78237946759
  FirebaseCoreInternal: 9e46c82a14a3b3a25be4e1e151ce6d21536b89c0
  FirebaseCrashlytics: 5927efd92f7fb052b0ab1e673d2f0d97274cd442
  FirebaseDatabase: 4e1cb7f44ce6ffa553033913dd0d634b2310ce65
  FirebaseInstallations: 2a2c6859354cbec0a228a863d4daf6de7c74ced4
  FirebaseMessaging: 06253e9669434df0a40718fc82a90c78090f4704
  FirebaseSessions: a62ba5c45284adb7714f4126cfbdb32b17c260bd
  GoogleAppMeasurement: d3dabccdb336fc0ae44b633c8abaa26559893cd9
  GoogleDataTransport: f0308f5905a745f94fb91fea9c6cbaf3831cb1bd
  GoogleMaps: 032f676450ba0779bd8ce16840690915f84e57ac
  GooglePlaces: 544e908d94860bf6f8fc1865b80d2c7eb6b5f937
  GoogleUtilities: 9aa0ad5a7bc171f8bae016300bfcfa3fb8425749
  GTMSessionFetcher: e8647203b65cee28c5f73d0f473d096653945e72
  ImageSlideshow: be305b54eaf2b2cfc7a7141c7c734605d44dc07d
  IQKeyboardManagerSwift: 371b08cb39664fb56030f5345c815a4ffc74bbc0
  JNGradientLabel: 1fc0f582dce63783179277cab93d05fca5323e87
  leveldb-library: f03246171cce0484482ec291f88b6d563699ee06
  Mantis: ce1a929acef0a105dae954ec7750c52d93df215f
  ModelMapper: 0f68dd4300d0e27290c70f66492c7f795da21bcf
  MOLH: e45827d200aeb1310641090fd8cd03ad2b42ae72
  Moya: 5b45dacb75adb009f97fde91c204c1e565d31916
  Moya-ModelMapper: e3a478500921e7299804dc1ac550f1ebf3228ade
  nanopb: b552cce312b6c8484180ef47159bc0f65a1f0431
  Nuke: 279f17a599fd1c83cf51de5e0e1f2db143a287b0
  OnlyPictures: c819b67e20f45493d49f38f4de5e630b7e8cbae0
  OTPFieldView: 700a752fe62c41d1c4914c78aa500fb30d97c255
  PagedLists: c0f295efd20332582648d957eb8f595b1eece4d9
  PieCharts: 30e50dfa7dc19e5b84e9878d32089673ef5d0453
  PieChartSwiftUI: d49b328bc17d6e8b76f49fb5bc2a6554119f5180
  PromisesObjC: 09985d6d70fbe7878040aa746d78236e6946d2ef
  PromisesSwift: cf9eb58666a43bbe007302226e510b16c1e10959
  RangeUISlider: bb1a82942ef5b6315bd8bf1c12a6b953f0ed02e8
  RSSelectionMenu: 873d62ebbaef138519f6cf3f073412c2b5d94c2c
  SKCountryPicker: f4882c36fa432d6450099a3e07da60eceda0a8f0
  SwiftAlgorithms: 38dda4731d19027fdeee1125f973111bf3386b53
  SwifterSwift: 334181863c416882d97b7a60c05054d9e4d799e2
  SwiftGradientButton: 3bc85ff07c1a92c5714aef92cf09cd1638c82a3f
  SwiftMessages: f0c7ef4705a570ad6c5e208b611f4333e660ed92
  SwiftValidator: 249b6b3ae3b294266c5b9de134d94f18f2d5aa47
  Toaster: c3473963c78e8cabbf6ea6f11ad0fdaae6f54987

PODFILE CHECKSUM: 0cb8fda46aafe6c488c6cda226c1ffb5e37a156e

COCOAPODS: 1.14.3
